
Microsoft Visual Studio Solution File, Format Version 12.00
# Visual Studio Version 16
VisualStudioVersion = 16.0.30204.135
MinimumVisualStudioVersion = 15.0.26124.0
Project("{2150E333-8FDC-42A3-9474-1A3956D46DE8}") = "src", "src", "{0120913C-DBD4-441D-8BDA-1B9A58EE7EEA}"
EndProject
Project("{2150E333-8FDC-42A3-9474-1A3956D46DE8}") = "Services", "Services", "{454299E5-1CC9-4F31-A69D-CCB7DE62F6C9}"
EndProject
Project("{2150E333-8FDC-42A3-9474-1A3956D46DE8}") = "WebApp", "WebApp", "{EACF08BA-93FA-4989-8A63-2E4C974A7373}"
EndProject
Project("{FAE04EC0-301F-11D3-BF4B-00C04F79EFBC}") = "Web.MVC", "WebApp\Web.MVC\Web.MVC.csproj", "{4CF5B8E1-F438-49F2-BA9F-CF6CB4306B75}"
EndProject
Project("{2150E333-8FDC-42A3-9474-1A3956D46DE8}") = "Product", "Product", "{5834C54A-DB63-4FEC-A26F-35D551C85C80}"
EndProject
Project("{FAE04EC0-301F-11D3-BF4B-00C04F79EFBC}") = "Product.API", "Services\Product\Product.API\Product.API.csproj", "{6A83B810-BF3C-4AA7-B0DC-6E29961CC2A3}"
EndProject
Global
	GlobalSection(SolutionConfigurationPlatforms) = preSolution
		Debug|Any CPU = Debug|Any CPU
		Release|Any CPU = Release|Any CPU
	EndGlobalSection
	GlobalSection(ProjectConfigurationPlatforms) = postSolution
		{4CF5B8E1-F438-49F2-BA9F-CF6CB4306B75}.Debug|Any CPU.ActiveCfg = Debug|Any CPU
		{4CF5B8E1-F438-49F2-BA9F-CF6CB4306B75}.Debug|Any CPU.Build.0 = Debug|Any CPU
		{4CF5B8E1-F438-49F2-BA9F-CF6CB4306B75}.Release|Any CPU.ActiveCfg = Release|Any CPU
		{4CF5B8E1-F438-49F2-BA9F-CF6CB4306B75}.Release|Any CPU.Build.0 = Release|Any CPU
		{6A83B810-BF3C-4AA7-B0DC-6E29961CC2A3}.Debug|Any CPU.ActiveCfg = Debug|Any CPU
		{6A83B810-BF3C-4AA7-B0DC-6E29961CC2A3}.Debug|Any CPU.Build.0 = Debug|Any CPU
		{6A83B810-BF3C-4AA7-B0DC-6E29961CC2A3}.Release|Any CPU.ActiveCfg = Release|Any CPU
		{6A83B810-BF3C-4AA7-B0DC-6E29961CC2A3}.Release|Any CPU.Build.0 = Release|Any CPU
	EndGlobalSection
	GlobalSection(SolutionProperties) = preSolution
		HideSolutionNode = FALSE
	EndGlobalSection
	GlobalSection(NestedProjects) = preSolution
		{454299E5-1CC9-4F31-A69D-CCB7DE62F6C9} = {0120913C-DBD4-441D-8BDA-1B9A58EE7EEA}
		{EACF08BA-93FA-4989-8A63-2E4C974A7373} = {0120913C-DBD4-441D-8BDA-1B9A58EE7EEA}
		{4CF5B8E1-F438-49F2-BA9F-CF6CB4306B75} = {EACF08BA-93FA-4989-8A63-2E4C974A7373}
		{5834C54A-DB63-4FEC-A26F-35D551C85C80} = {454299E5-1CC9-4F31-A69D-CCB7DE62F6C9}
		{6A83B810-BF3C-4AA7-B0DC-6E29961CC2A3} = {5834C54A-DB63-4FEC-A26F-35D551C85C80}
	EndGlobalSection
	GlobalSection(ExtensibilityGlobals) = postSolution
		SolutionGuid = {5FC28674-8001-4953-87D0-94791168AB6D}
	EndGlobalSection
EndGlobal
